
Microsoft Visual Studio Solution File, Format Version 12.00
# Visual Studio Version 17
VisualStudioVersion = 17.9.34728.123
MinimumVisualStudioVersion = 10.0.40219.1
Project("{FAE04EC0-301F-11D3-BF4B-00C04F79EFBC}") = "CharacterCreatorApp", "CharacterCreatorApp\CharacterCreatorApp.csproj", "{2D1B9EE7-5D93-488F-8FBE-1801DC461A6F}"
EndProject
Global
	GlobalSection(SolutionConfigurationPlatforms) = preSolution
		Debug|Any CPU = Debug|Any CPU
		Release|Any CPU = Release|Any CPU
	EndGlobalSection
	GlobalSection(ProjectConfigurationPlatforms) = postSolution
		{2D1B9EE7-5D93-488F-8FBE-1801DC461A6F}.Debug|Any CPU.ActiveCfg = Debug|Any CPU
		{2D1B9EE7-5D93-488F-8FBE-1801DC461A6F}.Debug|Any CPU.Build.0 = Debug|Any CPU
		{2D1B9EE7-5D93-488F-8FBE-1801DC461A6F}.Release|Any CPU.ActiveCfg = Release|Any CPU
		{2D1B9EE7-5D93-488F-8FBE-1801DC461A6F}.Release|Any CPU.Build.0 = Release|Any CPU
	EndGlobalSection
	GlobalSection(SolutionProperties) = preSolution
		HideSolutionNode = FALSE
	EndGlobalSection
	GlobalSection(ExtensibilityGlobals) = postSolution
		SolutionGuid = {6F0C4A94-C534-4C56-8257-43D9420E45A5}
	EndGlobalSection
EndGlobal
